
Microsoft Visual Studio Solution File, Format Version 12.00
# Visual Studio Version 16
VisualStudioVersion = 16.0.35229.62
MinimumVisualStudioVersion = 10.0.40219.1
Project("{FAE04EC0-301F-11D3-BF4B-00C04F79EFBC}") = "PR08_GIT", "PR08_GIT\PR08_GIT.csproj", "{623F0D96-100B-44EE-92E8-69816525F43E}"
EndProject
Global
	GlobalSection(SolutionConfigurationPlatforms) = preSolution
		Debug|Any CPU = Debug|Any CPU
		Release|Any CPU = Release|Any CPU
	EndGlobalSection
	GlobalSection(ProjectConfigurationPlatforms) = postSolution
		{623F0D96-100B-44EE-92E8-69816525F43E}.Debug|Any CPU.ActiveCfg = Debug|Any CPU
		{623F0D96-100B-44EE-92E8-69816525F43E}.Debug|Any CPU.Build.0 = Debug|Any CPU
		{623F0D96-100B-44EE-92E8-69816525F43E}.Release|Any CPU.ActiveCfg = Release|Any CPU
		{623F0D96-100B-44EE-92E8-69816525F43E}.Release|Any CPU.Build.0 = Release|Any CPU
	EndGlobalSection
	GlobalSection(SolutionProperties) = preSolution
		HideSolutionNode = FALSE
	EndGlobalSection
	GlobalSection(ExtensibilityGlobals) = postSolution
		SolutionGuid = {E671CB54-8E9A-4DE6-9C6F-915A0E9F4FAA}
	EndGlobalSection
EndGlobal
